
Microsoft Visual Studio Solution File, Format Version 12.00
# Visual Studio 14
VisualStudioVersion = 14.0.25420.1
MinimumVisualStudioVersion = 10.0.40219.1
Project("{A07B5EB6-E848-4116-A8D0-A826331D98C6}") = "SFApplication", "SFApplication\SFApplication.sfproj", "{D6BAA2D5-D9B5-4704-8AB0-19DBC83B635E}"
EndProject
Project("{FAE04EC0-301F-11D3-BF4B-00C04F79EFBC}") = "Stateless1", "Stateless1\Stateless1.csproj", "{E8E3EF2E-4905-4636-B63D-E3A8A0E00141}"
EndProject
Project("{FAE04EC0-301F-11D3-BF4B-00C04F79EFBC}") = "Stateful1", "Stateful1\Stateful1.csproj", "{F2A5BE95-704D-4789-80D8-0414B366A0EE}"
EndProject
Project("{FAE04EC0-301F-11D3-BF4B-00C04F79EFBC}") = "Actor1", "Actor1\Actor1.csproj", "{64AA36A4-2520-4C8C-B47C-A5B7D6DCBA02}"
EndProject
Project("{FAE04EC0-301F-11D3-BF4B-00C04F79EFBC}") = "Actor1.Interfaces", "Actor1.Interfaces\Actor1.Interfaces.csproj", "{6144D77B-D08A-4C46-85AA-D54D226E099D}"
EndProject
Project("{FAE04EC0-301F-11D3-BF4B-00C04F79EFBC}") = "WebApi1", "WebApi1\WebApi1.csproj", "{9B398D25-74E9-47B9-A781-4D7CE289F720}"
EndProject
Global
	GlobalSection(SolutionConfigurationPlatforms) = preSolution
		Debug|x64 = Debug|x64
		Release|x64 = Release|x64
	EndGlobalSection
	GlobalSection(ProjectConfigurationPlatforms) = postSolution
		{D6BAA2D5-D9B5-4704-8AB0-19DBC83B635E}.Debug|x64.ActiveCfg = Debug|x64
		{D6BAA2D5-D9B5-4704-8AB0-19DBC83B635E}.Debug|x64.Build.0 = Debug|x64
		{D6BAA2D5-D9B5-4704-8AB0-19DBC83B635E}.Debug|x64.Deploy.0 = Debug|x64
		{D6BAA2D5-D9B5-4704-8AB0-19DBC83B635E}.Release|x64.ActiveCfg = Release|x64
		{D6BAA2D5-D9B5-4704-8AB0-19DBC83B635E}.Release|x64.Build.0 = Release|x64
		{D6BAA2D5-D9B5-4704-8AB0-19DBC83B635E}.Release|x64.Deploy.0 = Release|x64
		{E8E3EF2E-4905-4636-B63D-E3A8A0E00141}.Debug|x64.ActiveCfg = Debug|x64
		{E8E3EF2E-4905-4636-B63D-E3A8A0E00141}.Debug|x64.Build.0 = Debug|x64
		{E8E3EF2E-4905-4636-B63D-E3A8A0E00141}.Release|x64.ActiveCfg = Release|x64
		{E8E3EF2E-4905-4636-B63D-E3A8A0E00141}.Release|x64.Build.0 = Release|x64
		{F2A5BE95-704D-4789-80D8-0414B366A0EE}.Debug|x64.ActiveCfg = Debug|x64
		{F2A5BE95-704D-4789-80D8-0414B366A0EE}.Debug|x64.Build.0 = Debug|x64
		{F2A5BE95-704D-4789-80D8-0414B366A0EE}.Release|x64.ActiveCfg = Release|x64
		{F2A5BE95-704D-4789-80D8-0414B366A0EE}.Release|x64.Build.0 = Release|x64
		{64AA36A4-2520-4C8C-B47C-A5B7D6DCBA02}.Debug|x64.ActiveCfg = Debug|x64
		{64AA36A4-2520-4C8C-B47C-A5B7D6DCBA02}.Debug|x64.Build.0 = Debug|x64
		{64AA36A4-2520-4C8C-B47C-A5B7D6DCBA02}.Release|x64.ActiveCfg = Release|x64
		{64AA36A4-2520-4C8C-B47C-A5B7D6DCBA02}.Release|x64.Build.0 = Release|x64
		{6144D77B-D08A-4C46-85AA-D54D226E099D}.Debug|x64.ActiveCfg = Debug|x64
		{6144D77B-D08A-4C46-85AA-D54D226E099D}.Debug|x64.Build.0 = Debug|x64
		{6144D77B-D08A-4C46-85AA-D54D226E099D}.Release|x64.ActiveCfg = Release|x64
		{6144D77B-D08A-4C46-85AA-D54D226E099D}.Release|x64.Build.0 = Release|x64
		{9B398D25-74E9-47B9-A781-4D7CE289F720}.Debug|x64.ActiveCfg = Debug|x64
		{9B398D25-74E9-47B9-A781-4D7CE289F720}.Debug|x64.Build.0 = Debug|x64
		{9B398D25-74E9-47B9-A781-4D7CE289F720}.Release|x64.ActiveCfg = Release|x64
		{9B398D25-74E9-47B9-A781-4D7CE289F720}.Release|x64.Build.0 = Release|x64
	EndGlobalSection
	GlobalSection(SolutionProperties) = preSolution
		HideSolutionNode = FALSE
	EndGlobalSection
EndGlobal
